// !$*UTF8*$!
{
	archiveVersion = 1;
	classes = {
	};
	objectVersion = 50;
	objects = {

/* Begin PBXBuildFile section */
		5F9CB74621B68923009FACCB /* AppDelegate.swift in Sources */ = {isa = PBXBuildFile; fileRef = 5F9CB74521B68923009FACCB /* AppDelegate.swift */; };
		5F9CB74821B68923009FACCB /* ViewController.swift in Sources */ = {isa = PBXBuildFile; fileRef = 5F9CB74721B68923009FACCB /* ViewController.swift */; };
		5F9CB74B21B68923009FACCB /* Main.storyboard in Resources */ = {isa = PBXBuildFile; fileRef = 5F9CB74921B68923009FACCB /* Main.storyboard */; };
		5F9CB74E21B68923009FACCB /* Template.xcdatamodeld in Sources */ = {isa = PBXBuildFile; fileRef = 5F9CB74C21B68923009FACCB /* Template.xcdatamodeld */; };
		5F9CB75021B68924009FACCB /* Assets.xcassets in Resources */ = {isa = PBXBuildFile; fileRef = 5F9CB74F21B68924009FACCB /* Assets.xcassets */; };
		5F9CB75321B68924009FACCB /* LaunchScreen.storyboard in Resources */ = {isa = PBXBuildFile; fileRef = 5F9CB75121B68924009FACCB /* LaunchScreen.storyboard */; };
		5F9CB75E21B68924009FACCB /* TemplateTests.swift in Sources */ = {isa = PBXBuildFile; fileRef = 5F9CB75D21B68924009FACCB /* TemplateTests.swift */; };
		5F9CB76921B6893B009FACCB /* CoreProject.framework in Frameworks */ = {isa = PBXBuildFile; fileRef = 5F9CB76821B6893B009FACCB /* CoreProject.framework */; };
		5F9CB76A21B6893B009FACCB /* CoreProject.framework in Embed Frameworks */ = {isa = PBXBuildFile; fileRef = 5F9CB76821B6893B009FACCB /* CoreProject.framework */; settings = {ATTRIBUTES = (CodeSignOnCopy, RemoveHeadersOnCopy, ); }; };
		C8C91B646536E2AE03993C62 /* Pods_Template.framework in Frameworks */ = {isa = PBXBuildFile; fileRef = 12B78BCDE00033B49A39001E /* Pods_Template.framework */; };
/* End PBXBuildFile section */

/* Begin PBXContainerItemProxy section */
		5F9CB75A21B68924009FACCB /* PBXContainerItemProxy */ = {
			isa = PBXContainerItemProxy;
			containerPortal = 5F9CB73A21B68923009FACCB /* Project object */;
			proxyType = 1;
			remoteGlobalIDString = 5F9CB74121B68923009FACCB;
			remoteInfo = Template;
		};
/* End PBXContainerItemProxy section */

/* Begin PBXCopyFilesBuildPhase section */
		5F9CB76B21B6893B009FACCB /* Embed Frameworks */ = {
			isa = PBXCopyFilesBuildPhase;
			buildActionMask = 2147483647;
			dstPath = "";
			dstSubfolderSpec = 10;
			files = (
				5F9CB76A21B6893B009FACCB /* CoreProject.framework in Embed Frameworks */,
			);
			name = "Embed Frameworks";
			runOnlyForDeploymentPostprocessing = 0;
		};
/* End PBXCopyFilesBuildPhase section */

/* Begin PBXFileReference section */
		12B78BCDE00033B49A39001E /* Pods_Template.framework */ = {isa = PBXFileReference; explicitFileType = wrapper.framework; includeInIndex = 0; path = Pods_Template.framework; sourceTree = BUILT_PRODUCTS_DIR; };
		3127DF0A143440353F3CEC2E /* Pods-Template.release.xcconfig */ = {isa = PBXFileReference; includeInIndex = 1; lastKnownFileType = text.xcconfig; name = "Pods-Template.release.xcconfig"; path = "Target Support Files/Pods-Template/Pods-Template.release.xcconfig"; sourceTree = "<group>"; };
		5E54D10B2C4291C198D766C6 /* Pods-Template.debug.xcconfig */ = {isa = PBXFileReference; includeInIndex = 1; lastKnownFileType = text.xcconfig; name = "Pods-Template.debug.xcconfig"; path = "Target Support Files/Pods-Template/Pods-Template.debug.xcconfig"; sourceTree = "<group>"; };
		5F9CB74221B68923009FACCB /* Template.app */ = {isa = PBXFileReference; explicitFileType = wrapper.application; includeInIndex = 0; path = Template.app; sourceTree = BUILT_PRODUCTS_DIR; };
		5F9CB74521B68923009FACCB /* AppDelegate.swift */ = {isa = PBXFileReference; lastKnownFileType = sourcecode.swift; path = AppDelegate.swift; sourceTree = "<group>"; };
		5F9CB74721B68923009FACCB /* ViewController.swift */ = {isa = PBXFileReference; lastKnownFileType = sourcecode.swift; path = ViewController.swift; sourceTree = "<group>"; };
		5F9CB74A21B68923009FACCB /* Base */ = {isa = PBXFileReference; lastKnownFileType = file.storyboard; name = Base; path = Base.lproj/Main.storyboard; sourceTree = "<group>"; };
		5F9CB74D21B68923009FACCB /* Template.xcdatamodel */ = {isa = PBXFileReference; lastKnownFileType = wrapper.xcdatamodel; path = Template.xcdatamodel; sourceTree = "<group>"; };
		5F9CB74F21B68924009FACCB /* Assets.xcassets */ = {isa = PBXFileReference; lastKnownFileType = folder.assetcatalog; path = Assets.xcassets; sourceTree = "<group>"; };
		5F9CB75221B68924009FACCB /* Base */ = {isa = PBXFileReference; lastKnownFileType = file.storyboard; name = Base; path = Base.lproj/LaunchScreen.storyboard; sourceTree = "<group>"; };
		5F9CB75421B68924009FACCB /* Info.plist */ = {isa = PBXFileReference; lastKnownFileType = text.plist.xml; path = Info.plist; sourceTree = "<group>"; };
		5F9CB75921B68924009FACCB /* TemplateTests.xctest */ = {isa = PBXFileReference; explicitFileType = wrapper.cfbundle; includeInIndex = 0; path = TemplateTests.xctest; sourceTree = BUILT_PRODUCTS_DIR; };
		5F9CB75D21B68924009FACCB /* TemplateTests.swift */ = {isa = PBXFileReference; lastKnownFileType = sourcecode.swift; path = TemplateTests.swift; sourceTree = "<group>"; };
		5F9CB75F21B68924009FACCB /* Info.plist */ = {isa = PBXFileReference; lastKnownFileType = text.plist.xml; path = Info.plist; sourceTree = "<group>"; };
		5F9CB76821B6893B009FACCB /* CoreProject.framework */ = {isa = PBXFileReference; explicitFileType = wrapper.framework; path = CoreProject.framework; sourceTree = BUILT_PRODUCTS_DIR; };
/* End PBXFileReference section */

/* Begin PBXFrameworksBuildPhase section */
		5F9CB73F21B68923009FACCB /* Frameworks */ = {
			isa = PBXFrameworksBuildPhase;
			buildActionMask = 2147483647;
			files = (
				5F9CB76921B6893B009FACCB /* CoreProject.framework in Frameworks */,
				C8C91B646536E2AE03993C62 /* Pods_Template.framework in Frameworks */,
			);
			runOnlyForDeploymentPostprocessing = 0;
		};
		5F9CB75621B68924009FACCB /* Frameworks */ = {
			isa = PBXFrameworksBuildPhase;
			buildActionMask = 2147483647;
			files = (
			);
			runOnlyForDeploymentPostprocessing = 0;
		};
/* End PBXFrameworksBuildPhase section */

/* Begin PBXGroup section */
		5F9CB73921B68923009FACCB = {
			isa = PBXGroup;
			children = (
				5F9CB76821B6893B009FACCB /* CoreProject.framework */,
				5F9CB74421B68923009FACCB /* Template */,
				5F9CB75C21B68924009FACCB /* TemplateTests */,
				5F9CB74321B68923009FACCB /* Products */,
				9C2A2D23D45C8F089B7A6B23 /* Pods */,
				B6694C50955C49909C4EDA52 /* Frameworks */,
			);
			sourceTree = "<group>";
		};
		5F9CB74321B68923009FACCB /* Products */ = {
			isa = PBXGroup;
			children = (
				5F9CB74221B68923009FACCB /* Template.app */,
				5F9CB75921B68924009FACCB /* TemplateTests.xctest */,
			);
			name = Products;
			sourceTree = "<group>";
		};
		5F9CB74421B68923009FACCB /* Template */ = {
			isa = PBXGroup;
			children = (
				5F9CB76F21B68A32009FACCB /* Common */,
				5F9CB76E21B68A27009FACCB /* Application */,
				5F9CB76D21B68A10009FACCB /* Main */,
				5F9CB76C21B68A01009FACCB /* Supporting Files */,
			);
			path = Template;
			sourceTree = "<group>";
		};
		5F9CB75C21B68924009FACCB /* TemplateTests */ = {
			isa = PBXGroup;
			children = (
				5F9CB75D21B68924009FACCB /* TemplateTests.swift */,
				5F9CB75F21B68924009FACCB /* Info.plist */,
			);
			path = TemplateTests;
			sourceTree = "<group>";
		};
		5F9CB76C21B68A01009FACCB /* Supporting Files */ = {
			isa = PBXGroup;
			children = (
				5F9CB74F21B68924009FACCB /* Assets.xcassets */,
				5F9CB75121B68924009FACCB /* LaunchScreen.storyboard */,
				5F9CB75421B68924009FACCB /* Info.plist */,
				5F9CB74C21B68923009FACCB /* Template.xcdatamodeld */,
			);
			path = "Supporting Files";
			sourceTree = "<group>";
		};
		5F9CB76D21B68A10009FACCB /* Main */ = {
			isa = PBXGroup;
			children = (
				5F9CB74521B68923009FACCB /* AppDelegate.swift */,
			);
			path = Main;
			sourceTree = "<group>";
		};
		5F9CB76E21B68A27009FACCB /* Application */ = {
			isa = PBXGroup;
			children = (
				5F9CB74721B68923009FACCB /* ViewController.swift */,
				5F9CB74921B68923009FACCB /* Main.storyboard */,
			);
			path = Application;
			sourceTree = "<group>";
		};
		5F9CB76F21B68A32009FACCB /* Common */ = {
			isa = PBXGroup;
			children = (
			);
			path = Common;
			sourceTree = "<group>";
		};
		9C2A2D23D45C8F089B7A6B23 /* Pods */ = {
			isa = PBXGroup;
			children = (
				5E54D10B2C4291C198D766C6 /* Pods-Template.debug.xcconfig */,
				3127DF0A143440353F3CEC2E /* Pods-Template.release.xcconfig */,
			);
			name = Pods;
			path = ../Pods;
			sourceTree = "<group>";
		};
		B6694C50955C49909C4EDA52 /* Frameworks */ = {
			isa = PBXGroup;
			children = (
				12B78BCDE00033B49A39001E /* Pods_Template.framework */,
			);
			name = Frameworks;
			sourceTree = "<group>";
		};
/* End PBXGroup section */

/* Begin PBXNativeTarget section */
		5F9CB74121B68923009FACCB /* Template */ = {
			isa = PBXNativeTarget;
			buildConfigurationList = 5F9CB76221B68924009FACCB /* Build configuration list for PBXNativeTarget "Template" */;
			buildPhases = (
				DCDB5687ECD9F1BC022D0BF2 /* [CP] Check Pods Manifest.lock */,
				5F9CB73E21B68923009FACCB /* Sources */,
				5F9CB73F21B68923009FACCB /* Frameworks */,
				5F9CB74021B68923009FACCB /* Resources */,
				5F9CB76B21B6893B009FACCB /* Embed Frameworks */,
				C2170A18AA9A5719ADE4A979 /* [CP] Embed Pods Frameworks */,
			);
			buildRules = (
			);
			dependencies = (
			);
			name = Template;
			productName = Template;
			productReference = 5F9CB74221B68923009FACCB /* Template.app */;
			productType = "com.apple.product-type.application";
		};
		5F9CB75821B68924009FACCB /* TemplateTests */ = {
			isa = PBXNativeTarget;
			buildConfigurationList = 5F9CB76521B68924009FACCB /* Build configuration list for PBXNativeTarget "TemplateTests" */;
			buildPhases = (
				5F9CB75521B68924009FACCB /* Sources */,
				5F9CB75621B68924009FACCB /* Frameworks */,
				5F9CB75721B68924009FACCB /* Resources */,
			);
			buildRules = (
			);
			dependencies = (
				5F9CB75B21B68924009FACCB /* PBXTargetDependency */,
			);
			name = TemplateTests;
			productName = TemplateTests;
			productReference = 5F9CB75921B68924009FACCB /* TemplateTests.xctest */;
			productType = "com.apple.product-type.bundle.unit-test";
		};
/* End PBXNativeTarget section */

/* Begin PBXProject section */
		5F9CB73A21B68923009FACCB /* Project object */ = {
			isa = PBXProject;
			attributes = {
				LastSwiftUpdateCheck = 1010;
				LastUpgradeCheck = 1010;
				ORGANIZATIONNAME = "Diep Nguyen";
				TargetAttributes = {
					5F9CB74121B68923009FACCB = {
						CreatedOnToolsVersion = 10.1;
					};
					5F9CB75821B68924009FACCB = {
						CreatedOnToolsVersion = 10.1;
						TestTargetID = 5F9CB74121B68923009FACCB;
					};
				};
			};
			buildConfigurationList = 5F9CB73D21B68923009FACCB /* Build configuration list for PBXProject "Template" */;
			compatibilityVersion = "Xcode 9.3";
			developmentRegion = en;
			hasScannedForEncodings = 0;
			knownRegions = (
				en,
				Base,
			);
			mainGroup = 5F9CB73921B68923009FACCB;
			productRefGroup = 5F9CB74321B68923009FACCB /* Products */;
			projectDirPath = "";
			projectRoot = "";
			targets = (
				5F9CB74121B68923009FACCB /* Template */,
				5F9CB75821B68924009FACCB /* TemplateTests */,
			);
		};
/* End PBXProject section */

/* Begin PBXResourcesBuildPhase section */
		5F9CB74021B68923009FACCB /* Resources */ = {
			isa = PBXResourcesBuildPhase;
			buildActionMask = 2147483647;
			files = (
				5F9CB75321B68924009FACCB /* LaunchScreen.storyboard in Resources */,
				5F9CB75021B68924009FACCB /* Assets.xcassets in Resources */,
				5F9CB74B21B68923009FACCB /* Main.storyboard in Resources */,
			);
			runOnlyForDeploymentPostprocessing = 0;
		};
		5F9CB75721B68924009FACCB /* Resources */ = {
			isa = PBXResourcesBuildPhase;
			buildActionMask = 2147483647;
			files = (
			);
			runOnlyForDeploymentPostprocessing = 0;
		};
/* End PBXResourcesBuildPhase section */

/* Begin PBXShellScriptBuildPhase section */
		C2170A18AA9A5719ADE4A979 /* [CP] Embed Pods Frameworks */ = {
			isa = PBXShellScriptBuildPhase;
			buildActionMask = 2147483647;
			files = (
			);
			inputFileListPaths = (
			);
			inputPaths = (
				"${PODS_ROOT}/Target Support Files/Pods-Template/Pods-Template-frameworks.sh",
				"${BUILT_PRODUCTS_DIR}/Alamofire/Alamofire.framework",
				"${BUILT_PRODUCTS_DIR}/netfox/netfox.framework",
			);
			name = "[CP] Embed Pods Frameworks";
			outputFileListPaths = (
			);
			outputPaths = (
				"${TARGET_BUILD_DIR}/${FRAMEWORKS_FOLDER_PATH}/Alamofire.framework",
				"${TARGET_BUILD_DIR}/${FRAMEWORKS_FOLDER_PATH}/netfox.framework",
			);
			runOnlyForDeploymentPostprocessing = 0;
			shellPath = /bin/sh;
			shellScript = "\"${PODS_ROOT}/Target Support Files/Pods-Template/Pods-Template-frameworks.sh\"\n";
			showEnvVarsInLog = 0;
		};
		DCDB5687ECD9F1BC022D0BF2 /* [CP] Check Pods Manifest.lock */ = {
			isa = PBXShellScriptBuildPhase;
			buildActionMask = 2147483647;
			files = (
			);
			inputFileListPaths = (
			);
			inputPaths = (
				"${PODS_PODFILE_DIR_PATH}/Podfile.lock",
				"${PODS_ROOT}/Manifest.lock",
			);
			name = "[CP] Check Pods Manifest.lock";
			outputFileListPaths = (
			);
			outputPaths = (
				"$(DERIVED_FILE_DIR)/Pods-Template-checkManifestLockResult.txt",
			);
			runOnlyForDeploymentPostprocessing = 0;
			shellPath = /bin/sh;
			shellScript = "diff \"${PODS_PODFILE_DIR_PATH}/Podfile.lock\" \"${PODS_ROOT}/Manifest.lock\" > /dev/null\nif [ $? != 0 ] ; then\n    # print error to STDERR\n    echo \"error: The sandbox is not in sync with the Podfile.lock. Run 'pod install' or update your CocoaPods installation.\" >&2\n    exit 1\nfi\n# This output is used by Xcode 'outputs' to avoid re-running this script phase.\necho \"SUCCESS\" > \"${SCRIPT_OUTPUT_FILE_0}\"\n";
			showEnvVarsInLog = 0;
		};
/* End PBXShellScriptBuildPhase section */

/* Begin PBXSourcesBuildPhase section */
		5F9CB73E21B68923009FACCB /* Sources */ = {
			isa = PBXSourcesBuildPhase;
			buildActionMask = 2147483647;
			files = (
				5F9CB74E21B68923009FACCB /* Template.xcdatamodeld in Sources */,
				5F9CB74821B68923009FACCB /* ViewController.swift in Sources */,
				5F9CB74621B68923009FACCB /* AppDelegate.swift in Sources */,
			);
			runOnlyForDeploymentPostprocessing = 0;
		};
		5F9CB75521B68924009FACCB /* Sources */ = {
			isa = PBXSourcesBuildPhase;
			buildActionMask = 2147483647;
			files = (
				5F9CB75E21B68924009FACCB /* TemplateTests.swift in Sources */,
			);
			runOnlyForDeploymentPostprocessing = 0;
		};
/* End PBXSourcesBuildPhase section */

/* Begin PBXTargetDependency section */
		5F9CB75B21B68924009FACCB /* PBXTargetDependency */ = {
			isa = PBXTargetDependency;
			target = 5F9CB74121B68923009FACCB /* Template */;
			targetProxy = 5F9CB75A21B68924009FACCB /* PBXContainerItemProxy */;
		};
/* End PBXTargetDependency section */

/* Begin PBXVariantGroup section */
		5F9CB74921B68923009FACCB /* Main.storyboard */ = {
			isa = PBXVariantGroup;
			children = (
				5F9CB74A21B68923009FACCB /* Base */,
			);
			name = Main.storyboard;
			sourceTree = "<group>";
		};
		5F9CB75121B68924009FACCB /* LaunchScreen.storyboard */ = {
			isa = PBXVariantGroup;
			children = (
				5F9CB75221B68924009FACCB /* Base */,
			);
			name = LaunchScreen.storyboard;
			sourceTree = "<group>";
		};
/* End PBXVariantGroup section */

/* Begin XCBuildConfiguration section */
		5F9CB76021B68924009FACCB /* Debug */ = {
			isa = XCBuildConfiguration;
			buildSettings = {
				ALWAYS_SEARCH_USER_PATHS = NO;
				CLANG_ANALYZER_NONNULL = YES;
				CLANG_ANALYZER_NUMBER_OBJECT_CONVERSION = YES_AGGRESSIVE;
				CLANG_CXX_LANGUAGE_STANDARD = "gnu++14";
				CLANG_CXX_LIBRARY = "libc++";
				CLANG_ENABLE_MODULES = YES;
				CLANG_ENABLE_OBJC_ARC = YES;
				CLANG_ENABLE_OBJC_WEAK = YES;
				CLANG_WARN_BLOCK_CAPTURE_AUTORELEASING = YES;
				CLANG_WARN_BOOL_CONVERSION = YES;
				CLANG_WARN_COMMA = YES;
				CLANG_WARN_CONSTANT_CONVERSION = YES;
				CLANG_WARN_DEPRECATED_OBJC_IMPLEMENTATIONS = YES;
				CLANG_WARN_DIRECT_OBJC_ISA_USAGE = YES_ERROR;
				CLANG_WARN_DOCUMENTATION_COMMENTS = YES;
				CLANG_WARN_EMPTY_BODY = YES;
				CLANG_WARN_ENUM_CONVERSION = YES;
				CLANG_WARN_INFINITE_RECURSION = YES;
				CLANG_WARN_INT_CONVERSION = YES;
				CLANG_WARN_NON_LITERAL_NULL_CONVERSION = YES;
				CLANG_WARN_OBJC_IMPLICIT_RETAIN_SELF = YES;
				CLANG_WARN_OBJC_LITERAL_CONVERSION = YES;
				CLANG_WARN_OBJC_ROOT_CLASS = YES_ERROR;
				CLANG_WARN_RANGE_LOOP_ANALYSIS = YES;
				CLANG_WARN_STRICT_PROTOTYPES = YES;
				CLANG_WARN_SUSPICIOUS_MOVE = YES;
				CLANG_WARN_UNGUARDED_AVAILABILITY = YES_AGGRESSIVE;
				CLANG_WARN_UNREACHABLE_CODE = YES;
				CLANG_WARN__DUPLICATE_METHOD_MATCH = YES;
				CODE_SIGN_IDENTITY = "iPhone Developer";
				COPY_PHASE_STRIP = NO;
				DEBUG_INFORMATION_FORMAT = dwarf;
				ENABLE_STRICT_OBJC_MSGSEND = YES;
				ENABLE_TESTABILITY = YES;
				GCC_C_LANGUAGE_STANDARD = gnu11;
				GCC_DYNAMIC_NO_PIC = NO;
				GCC_NO_COMMON_BLOCKS = YES;
				GCC_OPTIMIZATION_LEVEL = 0;
				GCC_PREPROCESSOR_DEFINITIONS = (
					"DEBUG=1",
					"$(inherited)",
				);
				GCC_WARN_64_TO_32_BIT_CONVERSION = YES;
				GCC_WARN_ABOUT_RETURN_TYPE = YES_ERROR;
				GCC_WARN_UNDECLARED_SELECTOR = YES;
				GCC_WARN_UNINITIALIZED_AUTOS = YES_AGGRESSIVE;
				GCC_WARN_UNUSED_FUNCTION = YES;
				GCC_WARN_UNUSED_VARIABLE = YES;
				IPHONEOS_DEPLOYMENT_TARGET = 12.1;
				MTL_ENABLE_DEBUG_INFO = INCLUDE_SOURCE;
				MTL_FAST_MATH = YES;
				ONLY_ACTIVE_ARCH = YES;
				SDKROOT = iphoneos;
				SWIFT_ACTIVE_COMPILATION_CONDITIONS = DEBUG;
				SWIFT_OPTIMIZATION_LEVEL = "-Onone";
			};
			name = Debug;
		};
		5F9CB76121B68924009FACCB /* Release */ = {
			isa = XCBuildConfiguration;
			buildSettings = {
				ALWAYS_SEARCH_USER_PATHS = NO;
				CLANG_ANALYZER_NONNULL = YES;
				CLANG_ANALYZER_NUMBER_OBJECT_CONVERSION = YES_AGGRESSIVE;
				CLANG_CXX_LANGUAGE_STANDARD = "gnu++14";
				CLANG_CXX_LIBRARY = "libc++";
				CLANG_ENABLE_MODULES = YES;
				CLANG_ENABLE_OBJC_ARC = YES;
				CLANG_ENABLE_OBJC_WEAK = YES;
				CLANG_WARN_BLOCK_CAPTURE_AUTORELEASING = YES;
				CLANG_WARN_BOOL_CONVERSION = YES;
				CLANG_WARN_COMMA = YES;
				CLANG_WARN_CONSTANT_CONVERSION = YES;
				CLANG_WARN_DEPRECATED_OBJC_IMPLEMENTATIONS = YES;
				CLANG_WARN_DIRECT_OBJC_ISA_USAGE = YES_ERROR;
				CLANG_WARN_DOCUMENTATION_COMMENTS = YES;
				CLANG_WARN_EMPTY_BODY = YES;
				CLANG_WARN_ENUM_CONVERSION = YES;
				CLANG_WARN_INFINITE_RECURSION = YES;
				CLANG_WARN_INT_CONVERSION = YES;
				CLANG_WARN_NON_LITERAL_NULL_CONVERSION = YES;
				CLANG_WARN_OBJC_IMPLICIT_RETAIN_SELF = YES;
				CLANG_WARN_OBJC_LITERAL_CONVERSION = YES;
				CLANG_WARN_OBJC_ROOT_CLASS = YES_ERROR;
				CLANG_WARN_RANGE_LOOP_ANALYSIS = YES;
				CLANG_WARN_STRICT_PROTOTYPES = YES;
				CLANG_WARN_SUSPICIOUS_MOVE = YES;
				CLANG_WARN_UNGUARDED_AVAILABILITY = YES_AGGRESSIVE;
				CLANG_WARN_UNREACHABLE_CODE = YES;
				CLANG_WARN__DUPLICATE_METHOD_MATCH = YES;
				CODE_SIGN_IDENTITY = "iPhone Developer";
				COPY_PHASE_STRIP = NO;
				DEBUG_INFORMATION_FORMAT = "dwarf-with-dsym";
				ENABLE_NS_ASSERTIONS = NO;
				ENABLE_STRICT_OBJC_MSGSEND = YES;
				GCC_C_LANGUAGE_STANDARD = gnu11;
				GCC_NO_COMMON_BLOCKS = YES;
				GCC_WARN_64_TO_32_BIT_CONVERSION = YES;
				GCC_WARN_ABOUT_RETURN_TYPE = YES_ERROR;
				GCC_WARN_UNDECLARED_SELECTOR = YES;
				GCC_WARN_UNINITIALIZED_AUTOS = YES_AGGRESSIVE;
				GCC_WARN_UNUSED_FUNCTION = YES;
				GCC_WARN_UNUSED_VARIABLE = YES;
				IPHONEOS_DEPLOYMENT_TARGET = 12.1;
				MTL_ENABLE_DEBUG_INFO = NO;
				MTL_FAST_MATH = YES;
				SDKROOT = iphoneos;
				SWIFT_COMPILATION_MODE = wholemodule;
				SWIFT_OPTIMIZATION_LEVEL = "-O";
				VALIDATE_PRODUCT = YES;
			};
			name = Release;
		};
		5F9CB76321B68924009FACCB /* Debug */ = {
			isa = XCBuildConfiguration;
			baseConfigurationReference = 5E54D10B2C4291C198D766C6 /* Pods-Template.debug.xcconfig */;
			buildSettings = {
				ASSETCATALOG_COMPILER_APPICON_NAME = AppIcon;
				CODE_SIGN_STYLE = Automatic;
				DEVELOPMENT_TEAM = 692BX88323;
				INFOPLIST_FILE = "$(SRCROOT)/Template/Supporting Files/Info.plist";
				LD_RUNPATH_SEARCH_PATHS = (
					"$(inherited)",
					"@executable_path/Frameworks",
				);
				PRODUCT_BUNDLE_IDENTIFIER = com.bkplus.Template;
				PRODUCT_NAME = "$(TARGET_NAME)";
				SWIFT_VERSION = 4.2;
				TARGETED_DEVICE_FAMILY = "1,2";
			};
			name = Debug;
		};
		5F9CB76421B68924009FACCB /* Release */ = {
			isa = XCBuildConfiguration;
			baseConfigurationReference = 3127DF0A143440353F3CEC2E /* Pods-Template.release.xcconfig */;
			buildSettings = {
				ASSETCATALOG_COMPILER_APPICON_NAME = AppIcon;
				CODE_SIGN_STYLE = Automatic;
				DEVELOPMENT_TEAM = 692BX88323;
				INFOPLIST_FILE = "$(SRCROOT)/Template/Supporting Files/Info.plist";
				LD_RUNPATH_SEARCH_PATHS = (
					"$(inherited)",
					"@executable_path/Frameworks",
				);
				PRODUCT_BUNDLE_IDENTIFIER = com.bkplus.Template;
				PRODUCT_NAME = "$(TARGET_NAME)";
				SWIFT_VERSION = 4.2;
				TARGETED_DEVICE_FAMILY = "1,2";
			};
			name = Release;
		};
		5F9CB76621B68924009FACCB /* Debug */ = {
			isa = XCBuildConfiguration;
			buildSettings = {
				ALWAYS_EMBED_SWIFT_STANDARD_LIBRARIES = YES;
				BUNDLE_LOADER = "$(TEST_HOST)";
				CODE_SIGN_STYLE = Automatic;
				DEVELOPMENT_TEAM = 692BX88323;
				INFOPLIST_FILE = TemplateTests/Info.plist;
				LD_RUNPATH_SEARCH_PATHS = (
					"$(inherited)",
					"@executable_path/Frameworks",
					"@loader_path/Frameworks",
				);
				PRODUCT_BUNDLE_IDENTIFIER = com.bkplus.TemplateTests;
				PRODUCT_NAME = "$(TARGET_NAME)";
				SWIFT_VERSION = 4.2;
				TARGETED_DEVICE_FAMILY = "1,2";
				TEST_HOST = "$(BUILT_PRODUCTS_DIR)/Template.app/Template";
			};
			name = Debug;
		};
		5F9CB76721B68924009FACCB /* Release */ = {
			isa = XCBuildConfiguration;
			buildSettings = {
				ALWAYS_EMBED_SWIFT_STANDARD_LIBRARIES = YES;
				BUNDLE_LOADER = "$(TEST_HOST)";
				CODE_SIGN_STYLE = Automatic;
				DEVELOPMENT_TEAM = 692BX88323;
				INFOPLIST_FILE = TemplateTests/Info.plist;
				LD_RUNPATH_SEARCH_PATHS = (
					"$(inherited)",
					"@executable_path/Frameworks",
					"@loader_path/Frameworks",
				);
				PRODUCT_BUNDLE_IDENTIFIER = com.bkplus.TemplateTests;
				PRODUCT_NAME = "$(TARGET_NAME)";
				SWIFT_VERSION = 4.2;
				TARGETED_DEVICE_FAMILY = "1,2";
				TEST_HOST = "$(BUILT_PRODUCTS_DIR)/Template.app/Template";
			};
			name = Release;
		};
/* End XCBuildConfiguration section */

/* Begin XCConfigurationList section */
		5F9CB73D21B68923009FACCB /* Build configuration list for PBXProject "Template" */ = {
			isa = XCConfigurationList;
			buildConfigurations = (
				5F9CB76021B68924009FACCB /* Debug */,
				5F9CB76121B68924009FACCB /* Release */,
			);
			defaultConfigurationIsVisible = 0;
			defaultConfigurationName = Release;
		};
		5F9CB76221B68924009FACCB /* Build configuration list for PBXNativeTarget "Template" */ = {
			isa = XCConfigurationList;
			buildConfigurations = (
				5F9CB76321B68924009FACCB /* Debug */,
				5F9CB76421B68924009FACCB /* Release */,
			);
			defaultConfigurationIsVisible = 0;
			defaultConfigurationName = Release;
		};
		5F9CB76521B68924009FACCB /* Build configuration list for PBXNativeTarget "TemplateTests" */ = {
			isa = XCConfigurationList;
			buildConfigurations = (
				5F9CB76621B68924009FACCB /* Debug */,
				5F9CB76721B68924009FACCB /* Release */,
			);
			defaultConfigurationIsVisible = 0;
			defaultConfigurationName = Release;
		};
/* End XCConfigurationList section */

/* Begin XCVersionGroup section */
		5F9CB74C21B68923009FACCB /* Template.xcdatamodeld */ = {
			isa = XCVersionGroup;
			children = (
				5F9CB74D21B68923009FACCB /* Template.xcdatamodel */,
			);
			currentVersion = 5F9CB74D21B68923009FACCB /* Template.xcdatamodel */;
			path = Template.xcdatamodeld;
			sourceTree = "<group>";
			versionGroupType = wrapper.xcdatamodel;
		};
/* End XCVersionGroup section */
	};
	rootObject = 5F9CB73A21B68923009FACCB /* Project object */;
}
